
Microsoft Visual Studio Solution File, Format Version 12.00
# Visual Studio Version 17
VisualStudioVersion = 17.4.33110.190
MinimumVisualStudioVersion = 10.0.40219.1
Project("{FAE04EC0-301F-11D3-BF4B-00C04F79EFBC}") = "Assignment_6", "Assignment_6\Assignment_6.csproj", "{D988EAB6-6AF9-4764-8BBD-A0C97EEB7576}"
EndProject
Project("{FAE04EC0-301F-11D3-BF4B-00C04F79EFBC}") = "Demo", "Demo\Demo.csproj", "{F7960B84-01DD-4F49-8771-7BDA81377FEF}"
EndProject
Global
	GlobalSection(SolutionConfigurationPlatforms) = preSolution
		Debug|Any CPU = Debug|Any CPU
		Release|Any CPU = Release|Any CPU
	EndGlobalSection
	GlobalSection(ProjectConfigurationPlatforms) = postSolution
		{D988EAB6-6AF9-4764-8BBD-A0C97EEB7576}.Debug|Any CPU.ActiveCfg = Debug|Any CPU
		{D988EAB6-6AF9-4764-8BBD-A0C97EEB7576}.Debug|Any CPU.Build.0 = Debug|Any CPU
		{D988EAB6-6AF9-4764-8BBD-A0C97EEB7576}.Release|Any CPU.ActiveCfg = Release|Any CPU
		{D988EAB6-6AF9-4764-8BBD-A0C97EEB7576}.Release|Any CPU.Build.0 = Release|Any CPU
		{F7960B84-01DD-4F49-8771-7BDA81377FEF}.Debug|Any CPU.ActiveCfg = Debug|Any CPU
		{F7960B84-01DD-4F49-8771-7BDA81377FEF}.Debug|Any CPU.Build.0 = Debug|Any CPU
		{F7960B84-01DD-4F49-8771-7BDA81377FEF}.Release|Any CPU.ActiveCfg = Release|Any CPU
		{F7960B84-01DD-4F49-8771-7BDA81377FEF}.Release|Any CPU.Build.0 = Release|Any CPU
	EndGlobalSection
	GlobalSection(SolutionProperties) = preSolution
		HideSolutionNode = FALSE
	EndGlobalSection
	GlobalSection(ExtensibilityGlobals) = postSolution
		SolutionGuid = {40A8F04B-CE17-4C4A-8D21-CA34AC317350}
	EndGlobalSection
EndGlobal
